
Microsoft Visual Studio Solution File, Format Version 12.00
# Visual Studio 2012
Project("{8BC9CEB8-8B4A-11D0-8D11-00A0C91BC942}") = "Server", "Server\Server.vcxproj", "{5A853D69-6F8F-4FA2-A93E-D7557BA9A0AF}"
EndProject
Global
	GlobalSection(SolutionConfigurationPlatforms) = preSolution
		Debug|Win32 = Debug|Win32
		Release|Win32 = Release|Win32
	EndGlobalSection
	GlobalSection(ProjectConfigurationPlatforms) = postSolution
		{5A853D69-6F8F-4FA2-A93E-D7557BA9A0AF}.Debug|Win32.ActiveCfg = Debug|Win32
		{5A853D69-6F8F-4FA2-A93E-D7557BA9A0AF}.Debug|Win32.Build.0 = Debug|Win32
		{5A853D69-6F8F-4FA2-A93E-D7557BA9A0AF}.Release|Win32.ActiveCfg = Release|Win32
		{5A853D69-6F8F-4FA2-A93E-D7557BA9A0AF}.Release|Win32.Build.0 = Release|Win32
	EndGlobalSection
	GlobalSection(SolutionProperties) = preSolution
		HideSolutionNode = FALSE
	EndGlobalSection
EndGlobal
